{
  "version": 4,
  "terraform_version": "0.12.20",
  "serial": 40,
  "lineage": "81251526-8140-dbdf-02c8-236836a071e5",
  "outputs": {
    "kubeone_api": {
      "value": {
        "endpoint": "test-rest-api-api-lb-6ca86cc1b28cb2a6.elb.us-east-2.amazonaws.com"
      },
      "type": [
        "object",
        {
          "endpoint": "string"
        }
      ]
    },
    "kubeone_hosts": {
      "value": {
        "control_plane": {
          "cloud_provider": "aws",
          "cluster_name": "test-rest-api",
          "hostnames": [
            "ip-172-31-11-240.us-east-2.compute.internal",
            "ip-172-31-22-38.us-east-2.compute.internal",
            "ip-172-31-40-142.us-east-2.compute.internal"
          ],
          "private_address": [
            "172.31.11.240",
            "172.31.22.38",
            "172.31.40.142"
          ],
          "public_address": [
            "13.59.235.10",
            "3.14.152.149",
            "3.19.73.208"
          ],
          "ssh_agent_socket": "env:SSH_AUTH_SOCK",
          "ssh_port": 22,
          "ssh_private_key_file": "",
          "ssh_user": "ubuntu"
        }
      },
      "type": [
        "object",
        {
          "control_plane": [
            "object",
            {
              "cloud_provider": "string",
              "cluster_name": "string",
              "hostnames": [
                "tuple",
                [
                  "string",
                  "string",
                  "string"
                ]
              ],
              "private_address": [
                "tuple",
                [
                  "string",
                  "string",
                  "string"
                ]
              ],
              "public_address": [
                "tuple",
                [
                  "string",
                  "string",
                  "string"
                ]
              ],
              "ssh_agent_socket": "string",
              "ssh_port": "number",
              "ssh_private_key_file": "string",
              "ssh_user": "string"
            }
          ]
        }
      ]
    },
    "kubeone_workers": {
      "value": {
        "test-rest-api-pool1": {
          "providerSpec": {
            "cloudProviderSpec": {
              "ami": "ami-0367b500fdcac0edc",
              "availabilityZone": "us-east-2a",
              "diskIops": 500,
              "diskSize": 50,
              "diskType": "gp2",
              "instanceProfile": "test-rest-api-host",
              "instanceType": "t3.medium",
              "region": "us-east-2",
              "securityGroupIDs": [
                "sg-02bdaee7060ef802a"
              ],
              "subnetId": "subnet-0fcf2764",
              "tags": {
                "test-rest-api-workers": "pool1"
              },
              "vpcId": "vpc-6dc60606"
            },
            "operatingSystem": "ubuntu",
            "operatingSystemSpec": {
              "distUpgradeOnBoot": false
            },
            "sshPublicKeys": [
              "ssh-rsa AAAAB3NzaC1yc2EAAAADAQABAAABAQDOsyNAyxL+i7tuwnxEI+D1iKdVL2Lqx0WsrL+5cTNpwtyOXyBEq0iVKtBwYSBULST+CKSYC/NowG0YpjijIMUlXNIZHCV2WASMUcc8QvhcaU1euWdTucPBw9N+ZXklqLjs7IwJHv31GS6HxGFlsDvwMA85/z4LXfeE2NT81HEdcNR6izFuQTHz8va8tIZw7B1rfh1lODb4bjYwrI9+b3h5jgSPZi7Isfch46B9c9WW9tuiVCgAw+9rInFSbWh+24n5PIRYCqKsdggzDq/xrKJUj+NkUGzdjCYaxoiPcuct3UNDi2yLeEzlaeEazi2Z+Lsl15EuFZv2g0RMKlDBQVRd cliff.bernard@VEN2881s-MacBook-Pro.local"
            ]
          },
          "replicas": 1
        }
      },
      "type": [
        "object",
        {
          "test-rest-api-pool1": [
            "object",
            {
              "providerSpec": [
                "object",
                {
                  "cloudProviderSpec": [
                    "object",
                    {
                      "ami": "string",
                      "availabilityZone": "string",
                      "diskIops": "number",
                      "diskSize": "number",
                      "diskType": "string",
                      "instanceProfile": "string",
                      "instanceType": "string",
                      "region": "string",
                      "securityGroupIDs": [
                        "tuple",
                        [
                          "string"
                        ]
                      ],
                      "subnetId": "string",
                      "tags": [
                        "object",
                        {
                          "test-rest-api-workers": "string"
                        }
                      ],
                      "vpcId": "string"
                    }
                  ],
                  "operatingSystem": "string",
                  "operatingSystemSpec": [
                    "object",
                    {
                      "distUpgradeOnBoot": "bool"
                    }
                  ],
                  "sshPublicKeys": [
                    "tuple",
                    [
                      "string"
                    ]
                  ]
                }
              ],
              "replicas": "number"
            }
          ]
        }
      ]
    }
  },
  "resources": [
    {
      "mode": "data",
      "type": "aws_ami",
      "name": "ubuntu",
      "provider": "provider.aws",
      "instances": [
        {
          "schema_version": 0,
          "attributes": {
            "architecture": "x86_64",
            "block_device_mappings": [
              {
                "device_name": "/dev/sda1",
                "ebs": {
                  "delete_on_termination": "true",
                  "encrypted": "false",
                  "iops": "0",
                  "snapshot_id": "snap-0bfbee53906f28d2f",
                  "volume_size": "8",
                  "volume_type": "gp2"
                },
                "no_device": "",
                "virtual_name": ""
              },
              {
                "device_name": "/dev/sdb",
                "ebs": {},
                "no_device": "",
                "virtual_name": "ephemeral0"
              },
              {
                "device_name": "/dev/sdc",
                "ebs": {},
                "no_device": "",
                "virtual_name": "ephemeral1"
              }
            ],
            "creation_date": "2020-02-04T18:52:05.000Z",
            "description": "Canonical, Ubuntu, 18.04 LTS, amd64 bionic image build on 2020-01-31",
            "executable_users": null,
            "filter": [
              {
                "name": "name",
                "values": [
                  "ubuntu/images/hvm-ssd/ubuntu-bionic-18.04-amd64-server-*"
                ]
              },
              {
                "name": "virtualization-type",
                "values": [
                  "hvm"
                ]
              }
            ],
            "hypervisor": "xen",
            "id": "ami-0367b500fdcac0edc",
            "image_id": "ami-0367b500fdcac0edc",
            "image_location": "099720109477/ubuntu/images/hvm-ssd/ubuntu-bionic-18.04-amd64-server-20200131",
            "image_owner_alias": null,
            "image_type": "machine",
            "kernel_id": null,
            "most_recent": true,
            "name": "ubuntu/images/hvm-ssd/ubuntu-bionic-18.04-amd64-server-20200131",
            "name_regex": null,
            "owner_id": "099720109477",
            "owners": [
              "099720109477"
            ],
            "platform": null,
            "product_codes": [],
            "public": true,
            "ramdisk_id": null,
            "root_device_name": "/dev/sda1",
            "root_device_type": "ebs",
            "root_snapshot_id": "snap-0bfbee53906f28d2f",
            "sriov_net_support": "simple",
            "state": "available",
            "state_reason": {
              "code": "UNSET",
              "message": "UNSET"
            },
            "tags": {},
            "virtualization_type": "hvm"
          }
        }
      ]
    },
    {
      "mode": "data",
      "type": "aws_availability_zones",
      "name": "available",
      "provider": "provider.aws",
      "instances": [
        {
          "schema_version": 0,
          "attributes": {
            "blacklisted_names": null,
            "blacklisted_zone_ids": null,
            "id": "2020-02-12 14:50:18.844901 +0000 UTC",
            "names": [
              "us-east-2a",
              "us-east-2b",
              "us-east-2c"
            ],
            "state": null,
            "zone_ids": [
              "use2-az1",
              "use2-az2",
              "use2-az3"
            ]
          }
        }
      ]
    },
    {
      "mode": "data",
      "type": "aws_subnet",
      "name": "az_a",
      "provider": "provider.aws",
      "instances": [
        {
          "schema_version": 0,
          "attributes": {
            "arn": "arn:aws:ec2:us-east-2:809886346527:subnet/subnet-0fcf2764",
            "assign_ipv6_address_on_creation": false,
            "availability_zone": "us-east-2a",
            "availability_zone_id": "use2-az1",
            "cidr_block": "172.31.0.0/20",
            "default_for_az": true,
            "filter": null,
            "id": "subnet-0fcf2764",
            "ipv6_cidr_block": null,
            "ipv6_cidr_block_association_id": null,
            "map_public_ip_on_launch": true,
            "owner_id": "809886346527",
            "state": "available",
            "tags": {},
            "vpc_id": "vpc-6dc60606"
          }
        }
      ]
    },
    {
      "mode": "data",
      "type": "aws_subnet",
      "name": "az_b",
      "provider": "provider.aws",
      "instances": [
        {
          "schema_version": 0,
          "attributes": {
            "arn": "arn:aws:ec2:us-east-2:809886346527:subnet/subnet-9febcde5",
            "assign_ipv6_address_on_creation": false,
            "availability_zone": "us-east-2b",
            "availability_zone_id": "use2-az2",
            "cidr_block": "172.31.16.0/20",
            "default_for_az": true,
            "filter": null,
            "id": "subnet-9febcde5",
            "ipv6_cidr_block": null,
            "ipv6_cidr_block_association_id": null,
            "map_public_ip_on_launch": true,
            "owner_id": "809886346527",
            "state": "available",
            "tags": {},
            "vpc_id": "vpc-6dc60606"
          }
        }
      ]
    },
    {
      "mode": "data",
      "type": "aws_subnet",
      "name": "az_c",
      "provider": "provider.aws",
      "instances": [
        {
          "schema_version": 0,
          "attributes": {
            "arn": "arn:aws:ec2:us-east-2:809886346527:subnet/subnet-7239b73e",
            "assign_ipv6_address_on_creation": false,
            "availability_zone": "us-east-2c",
            "availability_zone_id": "use2-az3",
            "cidr_block": "172.31.32.0/20",
            "default_for_az": true,
            "filter": null,
            "id": "subnet-7239b73e",
            "ipv6_cidr_block": null,
            "ipv6_cidr_block_association_id": null,
            "map_public_ip_on_launch": true,
            "owner_id": "809886346527",
            "state": "available",
            "tags": {},
            "vpc_id": "vpc-6dc60606"
          }
        }
      ]
    },
    {
      "mode": "data",
      "type": "aws_subnet_ids",
      "name": "default",
      "provider": "provider.aws",
      "instances": [
        {
          "schema_version": 0,
          "attributes": {
            "filter": null,
            "id": "vpc-6dc60606",
            "ids": [
              "subnet-0fcf2764",
              "subnet-7239b73e",
              "subnet-9febcde5"
            ],
            "tags": null,
            "vpc_id": "vpc-6dc60606"
          }
        }
      ]
    },
    {
      "mode": "managed",
      "type": "aws_default_vpc",
      "name": "default",
      "provider": "provider.aws",
      "instances": [
        {
          "schema_version": 1,
          "attributes": {
            "arn": "arn:aws:ec2:us-east-2:809886346527:vpc/vpc-6dc60606",
            "assign_generated_ipv6_cidr_block": false,
            "cidr_block": "172.31.0.0/16",
            "default_network_acl_id": "acl-6d9c3306",
            "default_route_table_id": "rtb-7400891f",
            "default_security_group_id": "sg-d84181bf",
            "dhcp_options_id": "dopt-cc25ffa7",
            "enable_classiclink": null,
            "enable_classiclink_dns_support": null,
            "enable_dns_hostnames": true,
            "enable_dns_support": true,
            "id": "vpc-6dc60606",
            "instance_tenancy": "default",
            "ipv6_association_id": "",
            "ipv6_cidr_block": "",
            "main_route_table_id": "rtb-7400891f",
            "owner_id": "809886346527",
            "tags": {}
          },
          "private": "eyJzY2hlbWFfdmVyc2lvbiI6IjEifQ=="
        }
      ]
    },
    {
      "mode": "managed",
      "type": "aws_iam_instance_profile",
      "name": "profile",
      "provider": "provider.aws",
      "instances": [
        {
          "schema_version": 0,
          "attributes": {
            "arn": "arn:aws:iam::809886346527:instance-profile/test-rest-api-host",
            "create_date": "2020-02-12T14:51:13Z",
            "id": "test-rest-api-host",
            "name": "test-rest-api-host",
            "name_prefix": null,
            "path": "/",
            "role": "test-rest-api-host",
            "roles": [],
            "unique_id": "AIPA3ZEH45UP2NR5UYJKZ"
          },
          "private": "bnVsbA==",
          "dependencies": [
            "aws_iam_role.role"
          ]
        }
      ]
    },
    {
      "mode": "managed",
      "type": "aws_iam_role",
      "name": "role",
      "provider": "provider.aws",
      "instances": [
        {
          "schema_version": 0,
          "attributes": {
            "arn": "arn:aws:iam::809886346527:role/test-rest-api-host",
            "assume_role_policy": "{\"Version\":\"2012-10-17\",\"Statement\":[{\"Sid\":\"\",\"Effect\":\"Allow\",\"Principal\":{\"Service\":\"ec2.amazonaws.com\"},\"Action\":\"sts:AssumeRole\"}]}",
            "create_date": "2020-02-12T14:51:13Z",
            "description": "",
            "force_detach_policies": false,
            "id": "test-rest-api-host",
            "max_session_duration": 3600,
            "name": "test-rest-api-host",
            "name_prefix": null,
            "path": "/",
            "permissions_boundary": null,
            "tags": null,
            "unique_id": "AROA3ZEH45UP4ZCCNBS75"
          },
          "private": "bnVsbA=="
        }
      ]
    },
    {
      "mode": "managed",
      "type": "aws_iam_role_policy",
      "name": "policy",
      "provider": "provider.aws",
      "instances": [
        {
          "schema_version": 0,
          "attributes": {
            "id": "test-rest-api-host:test-rest-api-host",
            "name": "test-rest-api-host",
            "name_prefix": null,
            "policy": "{\n  \"Version\": \"2012-10-17\",\n  \"Statement\": [\n    {\n      \"Effect\": \"Allow\",\n      \"Action\": [\"ec2:*\"],\n      \"Resource\": [\"*\"]\n    },\n    {\n      \"Effect\": \"Allow\",\n      \"Action\": [\"elasticloadbalancing:*\"],\n      \"Resource\": [\"*\"]\n    }\n  ]\n}\n",
            "role": "test-rest-api-host"
          },
          "private": "bnVsbA==",
          "dependencies": [
            "aws_iam_role.role"
          ]
        }
      ]
    },
    {
      "mode": "managed",
      "type": "aws_instance",
      "name": "control_plane",
      "each": "list",
      "provider": "provider.aws",
      "instances": [
        {
          "index_key": 0,
          "schema_version": 1,
          "attributes": {
            "ami": "ami-0367b500fdcac0edc",
            "arn": "arn:aws:ec2:us-east-2:809886346527:instance/i-02d55b90947e9c4f7",
            "associate_public_ip_address": true,
            "availability_zone": "us-east-2a",
            "cpu_core_count": 1,
            "cpu_threads_per_core": 2,
            "credit_specification": [
              {
                "cpu_credits": "unlimited"
              }
            ],
            "disable_api_termination": false,
            "ebs_block_device": [],
            "ebs_optimized": true,
            "ephemeral_block_device": [],
            "get_password_data": false,
            "host_id": null,
            "iam_instance_profile": "test-rest-api-host",
            "id": "i-02d55b90947e9c4f7",
            "instance_initiated_shutdown_behavior": null,
            "instance_state": "running",
            "instance_type": "t3.medium",
            "ipv6_address_count": 0,
            "ipv6_addresses": [],
            "key_name": "test-rest-api-deployer-key",
            "monitoring": false,
            "network_interface": [],
            "network_interface_id": null,
            "password_data": "",
            "placement_group": "",
            "primary_network_interface_id": "eni-00ae07f0e4cd57781",
            "private_dns": "ip-172-31-11-240.us-east-2.compute.internal",
            "private_ip": "172.31.11.240",
            "public_dns": "ec2-13-59-235-10.us-east-2.compute.amazonaws.com",
            "public_ip": "13.59.235.10",
            "root_block_device": [
              {
                "delete_on_termination": true,
                "encrypted": false,
                "iops": 300,
                "kms_key_id": "",
                "volume_id": "vol-0e76716b0be4b3207",
                "volume_size": 100,
                "volume_type": "gp2"
              }
            ],
            "security_groups": [
              "test-rest-api-common",
              "test-rest-api-control_planes"
            ],
            "source_dest_check": true,
            "subnet_id": "subnet-0fcf2764",
            "tags": {
              "Name": "test-rest-api-control_plane-1",
              "kubernetes.io/cluster/test-rest-api": "shared"
            },
            "tenancy": "default",
            "timeouts": null,
            "user_data": null,
            "user_data_base64": null,
            "volume_tags": {},
            "vpc_security_group_ids": [
              "sg-02bdaee7060ef802a",
              "sg-0c4f143d5d5a1773a"
            ]
          },
          "private": "eyJlMmJmYjczMC1lY2FhLTExZTYtOGY4OC0zNDM2M2JjN2M0YzAiOnsiY3JlYXRlIjo2MDAwMDAwMDAwMDAsImRlbGV0ZSI6MTIwMDAwMDAwMDAwMCwidXBkYXRlIjo2MDAwMDAwMDAwMDB9LCJzY2hlbWFfdmVyc2lvbiI6IjEifQ==",
          "dependencies": [
            "aws_default_vpc.default",
            "aws_iam_instance_profile.profile",
            "aws_iam_role.role",
            "aws_key_pair.deployer",
            "aws_security_group.common",
            "aws_security_group.control_plane"
          ]
        },
        {
          "index_key": 1,
          "schema_version": 1,
          "attributes": {
            "ami": "ami-0367b500fdcac0edc",
            "arn": "arn:aws:ec2:us-east-2:809886346527:instance/i-04b586544c29e1993",
            "associate_public_ip_address": true,
            "availability_zone": "us-east-2b",
            "cpu_core_count": 1,
            "cpu_threads_per_core": 2,
            "credit_specification": [
              {
                "cpu_credits": "unlimited"
              }
            ],
            "disable_api_termination": false,
            "ebs_block_device": [],
            "ebs_optimized": true,
            "ephemeral_block_device": [],
            "get_password_data": false,
            "host_id": null,
            "iam_instance_profile": "test-rest-api-host",
            "id": "i-04b586544c29e1993",
            "instance_initiated_shutdown_behavior": null,
            "instance_state": "running",
            "instance_type": "t3.medium",
            "ipv6_address_count": 0,
            "ipv6_addresses": [],
            "key_name": "test-rest-api-deployer-key",
            "monitoring": false,
            "network_interface": [],
            "network_interface_id": null,
            "password_data": "",
            "placement_group": "",
            "primary_network_interface_id": "eni-0fb9bb7858ccd25bb",
            "private_dns": "ip-172-31-22-38.us-east-2.compute.internal",
            "private_ip": "172.31.22.38",
            "public_dns": "ec2-3-14-152-149.us-east-2.compute.amazonaws.com",
            "public_ip": "3.14.152.149",
            "root_block_device": [
              {
                "delete_on_termination": true,
                "encrypted": false,
                "iops": 300,
                "kms_key_id": "",
                "volume_id": "vol-02b0928cc92bdd2c6",
                "volume_size": 100,
                "volume_type": "gp2"
              }
            ],
            "security_groups": [
              "test-rest-api-common",
              "test-rest-api-control_planes"
            ],
            "source_dest_check": true,
            "subnet_id": "subnet-9febcde5",
            "tags": {
              "Name": "test-rest-api-control_plane-2",
              "kubernetes.io/cluster/test-rest-api": "shared"
            },
            "tenancy": "default",
            "timeouts": null,
            "user_data": null,
            "user_data_base64": null,
            "volume_tags": {},
            "vpc_security_group_ids": [
              "sg-02bdaee7060ef802a",
              "sg-0c4f143d5d5a1773a"
            ]
          },
          "private": "eyJlMmJmYjczMC1lY2FhLTExZTYtOGY4OC0zNDM2M2JjN2M0YzAiOnsiY3JlYXRlIjo2MDAwMDAwMDAwMDAsImRlbGV0ZSI6MTIwMDAwMDAwMDAwMCwidXBkYXRlIjo2MDAwMDAwMDAwMDB9LCJzY2hlbWFfdmVyc2lvbiI6IjEifQ==",
          "dependencies": [
            "aws_default_vpc.default",
            "aws_iam_instance_profile.profile",
            "aws_iam_role.role",
            "aws_key_pair.deployer",
            "aws_security_group.common",
            "aws_security_group.control_plane"
          ]
        },
        {
          "index_key": 2,
          "schema_version": 1,
          "attributes": {
            "ami": "ami-0367b500fdcac0edc",
            "arn": "arn:aws:ec2:us-east-2:809886346527:instance/i-0754233b7bc4ea209",
            "associate_public_ip_address": true,
            "availability_zone": "us-east-2c",
            "cpu_core_count": 1,
            "cpu_threads_per_core": 2,
            "credit_specification": [
              {
                "cpu_credits": "unlimited"
              }
            ],
            "disable_api_termination": false,
            "ebs_block_device": [],
            "ebs_optimized": true,
            "ephemeral_block_device": [],
            "get_password_data": false,
            "host_id": null,
            "iam_instance_profile": "test-rest-api-host",
            "id": "i-0754233b7bc4ea209",
            "instance_initiated_shutdown_behavior": null,
            "instance_state": "running",
            "instance_type": "t3.medium",
            "ipv6_address_count": 0,
            "ipv6_addresses": [],
            "key_name": "test-rest-api-deployer-key",
            "monitoring": false,
            "network_interface": [],
            "network_interface_id": null,
            "password_data": "",
            "placement_group": "",
            "primary_network_interface_id": "eni-07b71881a210db380",
            "private_dns": "ip-172-31-40-142.us-east-2.compute.internal",
            "private_ip": "172.31.40.142",
            "public_dns": "ec2-3-19-73-208.us-east-2.compute.amazonaws.com",
            "public_ip": "3.19.73.208",
            "root_block_device": [
              {
                "delete_on_termination": true,
                "encrypted": false,
                "iops": 300,
                "kms_key_id": "",
                "volume_id": "vol-0c462ec2a119b2b21",
                "volume_size": 100,
                "volume_type": "gp2"
              }
            ],
            "security_groups": [
              "test-rest-api-common",
              "test-rest-api-control_planes"
            ],
            "source_dest_check": true,
            "subnet_id": "subnet-7239b73e",
            "tags": {
              "Name": "test-rest-api-control_plane-3",
              "kubernetes.io/cluster/test-rest-api": "shared"
            },
            "tenancy": "default",
            "timeouts": null,
            "user_data": null,
            "user_data_base64": null,
            "volume_tags": {},
            "vpc_security_group_ids": [
              "sg-02bdaee7060ef802a",
              "sg-0c4f143d5d5a1773a"
            ]
          },
          "private": "eyJlMmJmYjczMC1lY2FhLTExZTYtOGY4OC0zNDM2M2JjN2M0YzAiOnsiY3JlYXRlIjo2MDAwMDAwMDAwMDAsImRlbGV0ZSI6MTIwMDAwMDAwMDAwMCwidXBkYXRlIjo2MDAwMDAwMDAwMDB9LCJzY2hlbWFfdmVyc2lvbiI6IjEifQ==",
          "dependencies": [
            "aws_default_vpc.default",
            "aws_iam_instance_profile.profile",
            "aws_iam_role.role",
            "aws_key_pair.deployer",
            "aws_security_group.common",
            "aws_security_group.control_plane"
          ]
        }
      ]
    },
    {
      "mode": "managed",
      "type": "aws_key_pair",
      "name": "deployer",
      "provider": "provider.aws",
      "instances": [
        {
          "schema_version": 1,
          "attributes": {
            "fingerprint": "81:cd:22:f2:0d:34:8c:d4:1e:86:62:51:a0:d8:5d:d7",
            "id": "test-rest-api-deployer-key",
            "key_name": "test-rest-api-deployer-key",
            "key_name_prefix": null,
            "key_pair_id": "key-00df7a438855c61eb",
            "public_key": "ssh-rsa AAAAB3NzaC1yc2EAAAADAQABAAABAQDOsyNAyxL+i7tuwnxEI+D1iKdVL2Lqx0WsrL+5cTNpwtyOXyBEq0iVKtBwYSBULST+CKSYC/NowG0YpjijIMUlXNIZHCV2WASMUcc8QvhcaU1euWdTucPBw9N+ZXklqLjs7IwJHv31GS6HxGFlsDvwMA85/z4LXfeE2NT81HEdcNR6izFuQTHz8va8tIZw7B1rfh1lODb4bjYwrI9+b3h5jgSPZi7Isfch46B9c9WW9tuiVCgAw+9rInFSbWh+24n5PIRYCqKsdggzDq/xrKJUj+NkUGzdjCYaxoiPcuct3UNDi2yLeEzlaeEazi2Z+Lsl15EuFZv2g0RMKlDBQVRd cliff.bernard@VEN2881s-MacBook-Pro.local",
            "tags": null
          },
          "private": "eyJzY2hlbWFfdmVyc2lvbiI6IjEifQ=="
        }
      ]
    },
    {
      "mode": "managed",
      "type": "aws_lb",
      "name": "control_plane",
      "provider": "provider.aws",
      "instances": [
        {
          "schema_version": 0,
          "attributes": {
            "access_logs": [
              {
                "bucket": "",
                "enabled": false,
                "prefix": ""
              }
            ],
            "arn": "arn:aws:elasticloadbalancing:us-east-2:809886346527:loadbalancer/net/test-rest-api-api-lb/6ca86cc1b28cb2a6",
            "arn_suffix": "net/test-rest-api-api-lb/6ca86cc1b28cb2a6",
            "dns_name": "test-rest-api-api-lb-6ca86cc1b28cb2a6.elb.us-east-2.amazonaws.com",
            "enable_cross_zone_load_balancing": false,
            "enable_deletion_protection": false,
            "enable_http2": null,
            "id": "arn:aws:elasticloadbalancing:us-east-2:809886346527:loadbalancer/net/test-rest-api-api-lb/6ca86cc1b28cb2a6",
            "idle_timeout": null,
            "internal": false,
            "ip_address_type": "ipv4",
            "load_balancer_type": "network",
            "name": "test-rest-api-api-lb",
            "name_prefix": null,
            "security_groups": [],
            "subnet_mapping": [
              {
                "allocation_id": "",
                "subnet_id": "subnet-0fcf2764"
              },
              {
                "allocation_id": "",
                "subnet_id": "subnet-7239b73e"
              },
              {
                "allocation_id": "",
                "subnet_id": "subnet-9febcde5"
              }
            ],
            "subnets": [
              "subnet-0fcf2764",
              "subnet-7239b73e",
              "subnet-9febcde5"
            ],
            "tags": {
              "Cluster": "test-rest-api",
              "kubernetes.io/cluster/test-rest-api": "shared"
            },
            "timeouts": null,
            "vpc_id": "vpc-6dc60606",
            "zone_id": "ZLMOA37VPKANP"
          },
          "private": "eyJlMmJmYjczMC1lY2FhLTExZTYtOGY4OC0zNDM2M2JjN2M0YzAiOnsiY3JlYXRlIjo2MDAwMDAwMDAwMDAsImRlbGV0ZSI6NjAwMDAwMDAwMDAwLCJ1cGRhdGUiOjYwMDAwMDAwMDAwMH19"
        }
      ]
    },
    {
      "mode": "managed",
      "type": "aws_lb_listener",
      "name": "control_plane_api",
      "provider": "provider.aws",
      "instances": [
        {
          "schema_version": 0,
          "attributes": {
            "arn": "arn:aws:elasticloadbalancing:us-east-2:809886346527:listener/net/test-rest-api-api-lb/6ca86cc1b28cb2a6/e7ffa5c756e11748",
            "certificate_arn": null,
            "default_action": [
              {
                "authenticate_cognito": [],
                "authenticate_oidc": [],
                "fixed_response": [],
                "order": 1,
                "redirect": [],
                "target_group_arn": "arn:aws:elasticloadbalancing:us-east-2:809886346527:targetgroup/test-rest-api-api/a6d92e65cd795dff",
                "type": "forward"
              }
            ],
            "id": "arn:aws:elasticloadbalancing:us-east-2:809886346527:listener/net/test-rest-api-api-lb/6ca86cc1b28cb2a6/e7ffa5c756e11748",
            "load_balancer_arn": "arn:aws:elasticloadbalancing:us-east-2:809886346527:loadbalancer/net/test-rest-api-api-lb/6ca86cc1b28cb2a6",
            "port": 6443,
            "protocol": "TCP",
            "ssl_policy": "",
            "timeouts": null
          },
          "private": "eyJlMmJmYjczMC1lY2FhLTExZTYtOGY4OC0zNDM2M2JjN2M0YzAiOnsicmVhZCI6NjAwMDAwMDAwMDAwfX0=",
          "dependencies": [
            "aws_default_vpc.default",
            "aws_lb.control_plane",
            "aws_lb_target_group.control_plane_api"
          ]
        }
      ]
    },
    {
      "mode": "managed",
      "type": "aws_lb_target_group",
      "name": "control_plane_api",
      "provider": "provider.aws",
      "instances": [
        {
          "schema_version": 0,
          "attributes": {
            "arn": "arn:aws:elasticloadbalancing:us-east-2:809886346527:targetgroup/test-rest-api-api/a6d92e65cd795dff",
            "arn_suffix": "targetgroup/test-rest-api-api/a6d92e65cd795dff",
            "deregistration_delay": 300,
            "health_check": [
              {
                "enabled": true,
                "healthy_threshold": 3,
                "interval": 30,
                "matcher": "",
                "path": "",
                "port": "traffic-port",
                "protocol": "TCP",
                "timeout": 10,
                "unhealthy_threshold": 3
              }
            ],
            "id": "arn:aws:elasticloadbalancing:us-east-2:809886346527:targetgroup/test-rest-api-api/a6d92e65cd795dff",
            "lambda_multi_value_headers_enabled": false,
            "name": "test-rest-api-api",
            "name_prefix": null,
            "port": 6443,
            "protocol": "TCP",
            "proxy_protocol_v2": false,
            "slow_start": 0,
            "stickiness": [],
            "tags": null,
            "target_type": "instance",
            "vpc_id": "vpc-6dc60606"
          },
          "private": "bnVsbA==",
          "dependencies": [
            "aws_default_vpc.default"
          ]
        }
      ]
    },
    {
      "mode": "managed",
      "type": "aws_lb_target_group_attachment",
      "name": "control_plane_api",
      "each": "list",
      "provider": "provider.aws",
      "instances": [
        {
          "index_key": 0,
          "schema_version": 0,
          "attributes": {
            "availability_zone": null,
            "id": "arn:aws:elasticloadbalancing:us-east-2:809886346527:targetgroup/test-rest-api-api/a6d92e65cd795dff-20200212145138816700000001",
            "port": 6443,
            "target_group_arn": "arn:aws:elasticloadbalancing:us-east-2:809886346527:targetgroup/test-rest-api-api/a6d92e65cd795dff",
            "target_id": "i-02d55b90947e9c4f7"
          },
          "private": "bnVsbA==",
          "dependencies": [
            "aws_default_vpc.default",
            "aws_iam_instance_profile.profile",
            "aws_iam_role.role",
            "aws_instance.control_plane",
            "aws_key_pair.deployer",
            "aws_lb_target_group.control_plane_api",
            "aws_security_group.common",
            "aws_security_group.control_plane"
          ]
        },
        {
          "index_key": 1,
          "schema_version": 0,
          "attributes": {
            "availability_zone": null,
            "id": "arn:aws:elasticloadbalancing:us-east-2:809886346527:targetgroup/test-rest-api-api/a6d92e65cd795dff-20200212145138869500000003",
            "port": 6443,
            "target_group_arn": "arn:aws:elasticloadbalancing:us-east-2:809886346527:targetgroup/test-rest-api-api/a6d92e65cd795dff",
            "target_id": "i-04b586544c29e1993"
          },
          "private": "bnVsbA==",
          "dependencies": [
            "aws_default_vpc.default",
            "aws_iam_instance_profile.profile",
            "aws_iam_role.role",
            "aws_instance.control_plane",
            "aws_key_pair.deployer",
            "aws_lb_target_group.control_plane_api",
            "aws_security_group.common",
            "aws_security_group.control_plane"
          ]
        },
        {
          "index_key": 2,
          "schema_version": 0,
          "attributes": {
            "availability_zone": null,
            "id": "arn:aws:elasticloadbalancing:us-east-2:809886346527:targetgroup/test-rest-api-api/a6d92e65cd795dff-20200212145138843500000002",
            "port": 6443,
            "target_group_arn": "arn:aws:elasticloadbalancing:us-east-2:809886346527:targetgroup/test-rest-api-api/a6d92e65cd795dff",
            "target_id": "i-0754233b7bc4ea209"
          },
          "private": "bnVsbA==",
          "dependencies": [
            "aws_default_vpc.default",
            "aws_iam_instance_profile.profile",
            "aws_iam_role.role",
            "aws_instance.control_plane",
            "aws_key_pair.deployer",
            "aws_lb_target_group.control_plane_api",
            "aws_security_group.common",
            "aws_security_group.control_plane"
          ]
        }
      ]
    },
    {
      "mode": "managed",
      "type": "aws_security_group",
      "name": "common",
      "provider": "provider.aws",
      "instances": [
        {
          "schema_version": 1,
          "attributes": {
            "arn": "arn:aws:ec2:us-east-2:809886346527:security-group/sg-02bdaee7060ef802a",
            "description": "cluster common rules",
            "egress": [
              {
                "cidr_blocks": [
                  "0.0.0.0/0"
                ],
                "description": "",
                "from_port": 0,
                "ipv6_cidr_blocks": [],
                "prefix_list_ids": [],
                "protocol": "-1",
                "security_groups": [],
                "self": false,
                "to_port": 0
              }
            ],
            "id": "sg-02bdaee7060ef802a",
            "ingress": [
              {
                "cidr_blocks": [
                  "0.0.0.0/0"
                ],
                "description": "",
                "from_port": 22,
                "ipv6_cidr_blocks": [],
                "prefix_list_ids": [],
                "protocol": "tcp",
                "security_groups": [],
                "self": false,
                "to_port": 22
              },
              {
                "cidr_blocks": [],
                "description": "",
                "from_port": 0,
                "ipv6_cidr_blocks": [],
                "prefix_list_ids": [],
                "protocol": "-1",
                "security_groups": [],
                "self": true,
                "to_port": 0
              }
            ],
            "name": "test-rest-api-common",
            "name_prefix": null,
            "owner_id": "809886346527",
            "revoke_rules_on_delete": false,
            "tags": {
              "kubernetes.io/cluster/test-rest-api": "shared"
            },
            "timeouts": null,
            "vpc_id": "vpc-6dc60606"
          },
          "private": "eyJlMmJmYjczMC1lY2FhLTExZTYtOGY4OC0zNDM2M2JjN2M0YzAiOnsiY3JlYXRlIjo2MDAwMDAwMDAwMDAsImRlbGV0ZSI6NjAwMDAwMDAwMDAwfSwic2NoZW1hX3ZlcnNpb24iOiIxIn0=",
          "dependencies": [
            "aws_default_vpc.default"
          ]
        }
      ]
    },
    {
      "mode": "managed",
      "type": "aws_security_group",
      "name": "control_plane",
      "provider": "provider.aws",
      "instances": [
        {
          "schema_version": 1,
          "attributes": {
            "arn": "arn:aws:ec2:us-east-2:809886346527:security-group/sg-0c4f143d5d5a1773a",
            "description": "cluster control_planes",
            "egress": [],
            "id": "sg-0c4f143d5d5a1773a",
            "ingress": [
              {
                "cidr_blocks": [
                  "0.0.0.0/0"
                ],
                "description": "",
                "from_port": 6443,
                "ipv6_cidr_blocks": [],
                "prefix_list_ids": [],
                "protocol": "tcp",
                "security_groups": [],
                "self": false,
                "to_port": 6443
              }
            ],
            "name": "test-rest-api-control_planes",
            "name_prefix": null,
            "owner_id": "809886346527",
            "revoke_rules_on_delete": false,
            "tags": {
              "kubernetes.io/cluster/test-rest-api": "shared"
            },
            "timeouts": null,
            "vpc_id": "vpc-6dc60606"
          },
          "private": "eyJlMmJmYjczMC1lY2FhLTExZTYtOGY4OC0zNDM2M2JjN2M0YzAiOnsiY3JlYXRlIjo2MDAwMDAwMDAwMDAsImRlbGV0ZSI6NjAwMDAwMDAwMDAwfSwic2NoZW1hX3ZlcnNpb24iOiIxIn0=",
          "dependencies": [
            "aws_default_vpc.default"
          ]
        }
      ]
    }
  ]
}
